# This file is autogenerated, do not edit; changes may be undone by the next 'dep ensure'.


[[projects]]
  branch = "v2"
  digest = "1:99dbeb552bba530971b93f5a5fb851b855dba7ba72abec867dbd7aaaa4e649a7"
  name = "gopkg.in/urfave/cli.v2"
  packages = ["."]
  pruneopts = "UT"
  revision = "b626059537179114d912b95f3679eb2fb87e73f4"

[solve-meta]
  analyzer-name = "dep"
  analyzer-version = 1
  input-imports = ["gopkg.in/urfave/cli.v2"]
  solver-name = "gps-cdcl"
  solver-version = 1
